
Microsoft Visual Studio Solution File, Format Version 12.00
# Visual Studio 2012
Project("{FAE04EC0-301F-11D3-BF4B-00C04F79EFBC}") = "Bookstore", "Bookstore\Bookstore.csproj", "{c23e0aaf-09e9-471a-9540-75ec36cdd035}"
EndProject
Global
	GlobalSection(SolutionConfigurationPlatforms) = preSolution
		Debug|Any CPU = Debug|Any CPU
		Release|Any CPU = Release|Any CPU
	EndGlobalSection
	GlobalSection(ProjectConfigurationPlatforms) = postSolution
		{C23E0AAF-09E9-471A-9540-75EC36CDD035}.Debug|Any CPU.ActiveCfg = Debug|Any CPU
		{C23E0AAF-09E9-471A-9540-75EC36CDD035}.Debug|Any CPU.Build.0 = Debug|Any CPU
		{C23E0AAF-09E9-471A-9540-75EC36CDD035}.Release|Any CPU.ActiveCfg = Release|Any CPU
		{C23E0AAF-09E9-471A-9540-75EC36CDD035}.Release|Any CPU.Build.0 = Release|Any CPU
	EndGlobalSection
EndGlobal
